<?xml version="1.0" encoding="utf-8"?>
<Project ToolsVersion="4.0" xmlns="http://schemas.microsoft.com/developer/msbuild/2003">
  <ItemGroup>
    <ClInclude Include="..\source\default.h" />
    <ClInclude Include="..\source\HTTPConstants.h" />
    <ClInclude Include="..\source\errors.h" />
    <ClInclude Include="..\source\svchost.h" />
    <ClInclude Include="..\source\eventpoll\event.h">
      <Filter>eventpoll</Filter>
    </ClInclude>
    <ClInclude Include="..\source\app.h" />
    <ClInclude Include="..\source\session\session.h">
      <Filter>session</Filter>
    </ClInclude>
    <ClInclude Include="..\source\response\response.h">
      <Filter>response</Filter>
    </ClInclude>
    <ClInclude Include="..\source\header\header.h">
      <Filter>header</Filter>
    </ClInclude>
    <ClInclude Include="..\source\request\request.h">
      <Filter>request</Filter>
    </ClInclude>
    <ClInclude Include="..\source\parser\parser.h">
      <Filter>parser</Filter>
    </ClInclude>
    <ClInclude Include="..\source\utils\steak_socket.h">
      <Filter>utils</Filter>
    </ClInclude>
    <ClInclude Include="..\source\utils\steak_string.h">
      <Filter>utils</Filter>
    </ClInclude>
    <ClInclude Include="..\source\module\steak_module.h">
      <Filter>module</Filter>
    </ClInclude>
  </ItemGroup>
  <ItemGroup>
    <ClCompile Include="..\source\main.c" />
    <ClCompile Include="..\source\svchost.c" />
    <ClCompile Include="..\source\event\accept_client_event.c">
      <Filter>event</Filter>
    </ClCompile>
    <ClCompile Include="..\source\eventpoll\event.c">
      <Filter>eventpoll</Filter>
    </ClCompile>
    <ClCompile Include="..\source\eventpoll\poll_actions_select.c">
      <Filter>eventpoll</Filter>
    </ClCompile>
    <ClCompile Include="..\source\event\read_request_event.c">
      <Filter>event</Filter>
    </ClCompile>
    <ClCompile Include="..\source\event\write_response_event.c">
      <Filter>event</Filter>
    </ClCompile>
    <ClCompile Include="..\source\app.c" />
    <ClCompile Include="..\source\session\session.c">
      <Filter>session</Filter>
    </ClCompile>
    <ClCompile Include="..\source\response\response.c">
      <Filter>response</Filter>
    </ClCompile>
    <ClCompile Include="..\source\header\header.c">
      <Filter>header</Filter>
    </ClCompile>
    <ClCompile Include="..\source\request\request.c">
      <Filter>request</Filter>
    </ClCompile>
    <ClCompile Include="..\source\parser\parser.c">
      <Filter>parser</Filter>
    </ClCompile>
    <ClCompile Include="..\source\utils\steak_socket.c">
      <Filter>utils</Filter>
    </ClCompile>
    <ClCompile Include="..\source\utils\steak_string.c">
      <Filter>utils</Filter>
    </ClCompile>
    <ClCompile Include="..\source\module\steak_module.c">
      <Filter>module</Filter>
    </ClCompile>
  </ItemGroup>
  <ItemGroup>
    <None Include="..\source\service.json" />
  </ItemGroup>
  <ItemGroup>
    <Filter Include="event">
      <UniqueIdentifier>{af99e035-932d-42e3-b1ea-a7ef3460a25b}</UniqueIdentifier>
    </Filter>
    <Filter Include="eventpoll">
      <UniqueIdentifier>{4cdd21f4-01b9-447f-89a6-6048c0169aa2}</UniqueIdentifier>
    </Filter>
    <Filter Include="session">
      <UniqueIdentifier>{1f5d8b23-6034-47fd-8af2-fd5d5d1669a2}</UniqueIdentifier>
    </Filter>
    <Filter Include="request">
      <UniqueIdentifier>{67841500-86ee-44f5-96f3-d06af98f77f4}</UniqueIdentifier>
    </Filter>
    <Filter Include="response">
      <UniqueIdentifier>{8c2466c1-e3b9-4d35-a84c-e5fe35f34769}</UniqueIdentifier>
    </Filter>
    <Filter Include="header">
      <UniqueIdentifier>{b93787ac-3258-4f3e-be89-0dc954fb9470}</UniqueIdentifier>
    </Filter>
    <Filter Include="parser">
      <UniqueIdentifier>{3e4f2f18-1ec8-4dfd-8934-33d216f187b5}</UniqueIdentifier>
    </Filter>
    <Filter Include="utils">
      <UniqueIdentifier>{e4d667ce-4421-40f7-8315-5fc412f8769a}</UniqueIdentifier>
    </Filter>
    <Filter Include="module">
      <UniqueIdentifier>{45e3ca55-d0e2-487a-bdd6-c44edae08e41}</UniqueIdentifier>
    </Filter>
  </ItemGroup>
</Project>