<?xml version="1.0" encoding="utf-8"?>
<Project ToolsVersion="4.0" xmlns="http://schemas.microsoft.com/developer/msbuild/2003">
  <ItemGroup>
    <ClInclude Include="..\source\cblog_default.h" />
    <ClInclude Include="..\source\cblog_errors.h" />
    <ClInclude Include="..\source\cblog_app.h" />
    <ClInclude Include="..\source\utils\cblog_socket.h">
      <Filter>utils</Filter>
    </ClInclude>
    <ClInclude Include="..\source\utils\cblog_string.h">
      <Filter>utils</Filter>
    </ClInclude>
    <ClInclude Include="..\source\utils\cblog_utils.h">
      <Filter>utils</Filter>
    </ClInclude>
    <ClInclude Include="..\source\cblog_types.h" />
    <ClInclude Include="..\source\cblog_parser.h" />
    <ClInclude Include="..\source\module\cblog_event_module.h">
      <Filter>module</Filter>
    </ClInclude>
    <ClInclude Include="..\source\cblog_unit_test.h" />
    <ClInclude Include="..\source\cblog_factory.h" />
    <ClInclude Include="..\source\cblog_protocol.h" />
    <ClInclude Include="..\source\cblog_response.h" />
    <ClInclude Include="..\source\cblog_buffer.h" />
    <ClInclude Include="..\source\module\cblog_http_module.h">
      <Filter>module</Filter>
    </ClInclude>
  </ItemGroup>
  <ItemGroup>
    <ClCompile Include="..\source\main.c" />
    <ClCompile Include="..\source\event\accept_client_event.c">
      <Filter>event</Filter>
    </ClCompile>
    <ClCompile Include="..\source\event\read_request_event.c">
      <Filter>event</Filter>
    </ClCompile>
    <ClCompile Include="..\source\event\write_response_event.c">
      <Filter>event</Filter>
    </ClCompile>
    <ClCompile Include="..\source\cblog_app.c" />
    <ClCompile Include="..\source\utils\cblog_socket.c">
      <Filter>utils</Filter>
    </ClCompile>
    <ClCompile Include="..\source\utils\cblog_string.c">
      <Filter>utils</Filter>
    </ClCompile>
    <ClCompile Include="..\source\event\poll_actions_select.c">
      <Filter>event\poll</Filter>
    </ClCompile>
    <ClCompile Include="..\source\utils\cblog_utils.c">
      <Filter>utils</Filter>
    </ClCompile>
    <ClCompile Include="..\source\cblog_parser.c" />
    <ClCompile Include="..\source\module\cblog_event_module.c">
      <Filter>module</Filter>
    </ClCompile>
    <ClCompile Include="..\source\cblog_unit_test.c" />
    <ClCompile Include="..\source\cblog_factory.c" />
    <ClCompile Include="..\source\cblog_protocol.c" />
    <ClCompile Include="..\source\cblog_response.c" />
    <ClCompile Include="..\source\cblog_buffer.c" />
    <ClCompile Include="..\source\http_handler\cblog_http_handler.c">
      <Filter>http</Filter>
    </ClCompile>
    <ClCompile Include="..\source\module\cblog_http_module.c">
      <Filter>module</Filter>
    </ClCompile>
  </ItemGroup>
  <ItemGroup>
    <Filter Include="event">
      <UniqueIdentifier>{af99e035-932d-42e3-b1ea-a7ef3460a25b}</UniqueIdentifier>
    </Filter>
    <Filter Include="utils">
      <UniqueIdentifier>{e4d667ce-4421-40f7-8315-5fc412f8769a}</UniqueIdentifier>
    </Filter>
    <Filter Include="event\poll">
      <UniqueIdentifier>{3c1d6f97-d3f6-405c-b3e2-71a3b6138d2a}</UniqueIdentifier>
    </Filter>
    <Filter Include="module">
      <UniqueIdentifier>{bf294fd8-0491-49f7-b92a-0cef385e43fb}</UniqueIdentifier>
    </Filter>
    <Filter Include="http">
      <UniqueIdentifier>{45e3ca55-d0e2-487a-bdd6-c44edae08e41}</UniqueIdentifier>
    </Filter>
  </ItemGroup>
  <ItemGroup>
    <CopyFileToFolders Include="..\source\service.json" />
  </ItemGroup>
</Project>